// !$*UTF8*$!
{
	archiveVersion = 1;
	classes = {
	};
	objectVersion = 56;
	objects = {

/* Begin PBXBuildFile section */
		B58D87B129AE5BF9002A974D /* AppDelegate.swift in Sources */ = {isa = PBXBuildFile; fileRef = B58D87B029AE5BF9002A974D /* AppDelegate.swift */; };
		B58D87B329AE5BF9002A974D /* SceneDelegate.swift in Sources */ = {isa = PBXBuildFile; fileRef = B58D87B229AE5BF9002A974D /* SceneDelegate.swift */; };
		B58D87B829AE5BF9002A974D /* Main.storyboard in Resources */ = {isa = PBXBuildFile; fileRef = B58D87B629AE5BF9002A974D /* Main.storyboard */; };
		B58D87BA29AE5BFB002A974D /* Assets.xcassets in Resources */ = {isa = PBXBuildFile; fileRef = B58D87B929AE5BFB002A974D /* Assets.xcassets */; };
		B58D87BD29AE5BFB002A974D /* LaunchScreen.storyboard in Resources */ = {isa = PBXBuildFile; fileRef = B58D87BB29AE5BFB002A974D /* LaunchScreen.storyboard */; };
		B5B2835D29AEAE5B00D5E803 /* FriendsModel.swift in Sources */ = {isa = PBXBuildFile; fileRef = B5B2835C29AEAE5B00D5E803 /* FriendsModel.swift */; };
		B5CD8EEA29AE5D7300CC6D0B /* FriendsTableViewController.swift in Sources */ = {isa = PBXBuildFile; fileRef = B5CD8EE829AE5D7300CC6D0B /* FriendsTableViewController.swift */; };
		B5CD8EEB29AE5D7300CC6D0B /* NewFriendViewController.swift in Sources */ = {isa = PBXBuildFile; fileRef = B5CD8EE929AE5D7300CC6D0B /* NewFriendViewController.swift */; };
		B5D5B7A029AEB070005BFD4C /* FriendsTableViewCell.swift in Sources */ = {isa = PBXBuildFile; fileRef = B5D5B79F29AEB070005BFD4C /* FriendsTableViewCell.swift */; };
/* End PBXBuildFile section */

/* Begin PBXFileReference section */
		B58D87AD29AE5BF9002A974D /* Friends2-Mauve.app */ = {isa = PBXFileReference; explicitFileType = wrapper.application; includeInIndex = 0; path = "Friends2-Mauve.app"; sourceTree = BUILT_PRODUCTS_DIR; };
		B58D87B029AE5BF9002A974D /* AppDelegate.swift */ = {isa = PBXFileReference; lastKnownFileType = sourcecode.swift; path = AppDelegate.swift; sourceTree = "<group>"; };
		B58D87B229AE5BF9002A974D /* SceneDelegate.swift */ = {isa = PBXFileReference; lastKnownFileType = sourcecode.swift; path = SceneDelegate.swift; sourceTree = "<group>"; };
		B58D87B729AE5BF9002A974D /* Base */ = {isa = PBXFileReference; lastKnownFileType = file.storyboard; name = Base; path = Base.lproj/Main.storyboard; sourceTree = "<group>"; };
		B58D87B929AE5BFB002A974D /* Assets.xcassets */ = {isa = PBXFileReference; lastKnownFileType = folder.assetcatalog; path = Assets.xcassets; sourceTree = "<group>"; };
		B58D87BC29AE5BFB002A974D /* Base */ = {isa = PBXFileReference; lastKnownFileType = file.storyboard; name = Base; path = Base.lproj/LaunchScreen.storyboard; sourceTree = "<group>"; };
		B58D87BE29AE5BFB002A974D /* Info.plist */ = {isa = PBXFileReference; lastKnownFileType = text.plist.xml; path = Info.plist; sourceTree = "<group>"; };
		B5B2835C29AEAE5B00D5E803 /* FriendsModel.swift */ = {isa = PBXFileReference; fileEncoding = 4; lastKnownFileType = sourcecode.swift; path = FriendsModel.swift; sourceTree = "<group>"; };
		B5CD8EE829AE5D7300CC6D0B /* FriendsTableViewController.swift */ = {isa = PBXFileReference; fileEncoding = 4; lastKnownFileType = sourcecode.swift; path = FriendsTableViewController.swift; sourceTree = "<group>"; };
		B5CD8EE929AE5D7300CC6D0B /* NewFriendViewController.swift */ = {isa = PBXFileReference; fileEncoding = 4; lastKnownFileType = sourcecode.swift; path = NewFriendViewController.swift; sourceTree = "<group>"; };
		B5D5B79F29AEB070005BFD4C /* FriendsTableViewCell.swift */ = {isa = PBXFileReference; fileEncoding = 4; lastKnownFileType = sourcecode.swift; path = FriendsTableViewCell.swift; sourceTree = "<group>"; };
/* End PBXFileReference section */

/* Begin PBXFrameworksBuildPhase section */
		B58D87AA29AE5BF9002A974D /* Frameworks */ = {
			isa = PBXFrameworksBuildPhase;
			buildActionMask = 2147483647;
			files = (
			);
			runOnlyForDeploymentPostprocessing = 0;
		};
/* End PBXFrameworksBuildPhase section */

/* Begin PBXGroup section */
		B58D87A429AE5BF9002A974D = {
			isa = PBXGroup;
			children = (
				B58D87AF29AE5BF9002A974D /* Friends2 */,
				B58D87AE29AE5BF9002A974D /* Products */,
			);
			sourceTree = "<group>";
		};
		B58D87AE29AE5BF9002A974D /* Products */ = {
			isa = PBXGroup;
			children = (
				B58D87AD29AE5BF9002A974D /* Friends2-Mauve.app */,
			);
			name = Products;
			sourceTree = "<group>";
		};
		B58D87AF29AE5BF9002A974D /* Friends2 */ = {
			isa = PBXGroup;
			children = (
				B58D87B029AE5BF9002A974D /* AppDelegate.swift */,
				B58D87B229AE5BF9002A974D /* SceneDelegate.swift */,
				B58D87B629AE5BF9002A974D /* Main.storyboard */,
				B58D87B929AE5BFB002A974D /* Assets.xcassets */,
				B58D87BB29AE5BFB002A974D /* LaunchScreen.storyboard */,
				B58D87BE29AE5BFB002A974D /* Info.plist */,
				B5CD8EE829AE5D7300CC6D0B /* FriendsTableViewController.swift */,
				B5CD8EE929AE5D7300CC6D0B /* NewFriendViewController.swift */,
				B5B2835C29AEAE5B00D5E803 /* FriendsModel.swift */,
				B5D5B79F29AEB070005BFD4C /* FriendsTableViewCell.swift */,
			);
			path = Friends2;
			sourceTree = "<group>";
		};
/* End PBXGroup section */

/* Begin PBXNativeTarget section */
		B58D87AC29AE5BF9002A974D /* Friends2-Mauve */ = {
			isa = PBXNativeTarget;
			buildConfigurationList = B58D87C129AE5BFB002A974D /* Build configuration list for PBXNativeTarget "Friends2-Mauve" */;
			buildPhases = (
				B58D87A929AE5BF9002A974D /* Sources */,
				B58D87AA29AE5BF9002A974D /* Frameworks */,
				B58D87AB29AE5BF9002A974D /* Resources */,
			);
			buildRules = (
			);
			dependencies = (
			);
			name = "Friends2-Mauve";
			productName = Friends2;
			productReference = B58D87AD29AE5BF9002A974D /* Friends2-Mauve.app */;
			productType = "com.apple.product-type.application";
		};
/* End PBXNativeTarget section */

/* Begin PBXProject section */
		B58D87A529AE5BF9002A974D /* Project object */ = {
			isa = PBXProject;
			attributes = {
				BuildIndependentTargetsInParallel = 1;
				LastSwiftUpdateCheck = 1420;
				LastUpgradeCheck = 1420;
				TargetAttributes = {
					B58D87AC29AE5BF9002A974D = {
						CreatedOnToolsVersion = 14.2;
					};
				};
			};
			buildConfigurationList = B58D87A829AE5BF9002A974D /* Build configuration list for PBXProject "Friends2-Mauve" */;
			compatibilityVersion = "Xcode 14.0";
			developmentRegion = en;
			hasScannedForEncodings = 0;
			knownRegions = (
				en,
				Base,
			);
			mainGroup = B58D87A429AE5BF9002A974D;
			productRefGroup = B58D87AE29AE5BF9002A974D /* Products */;
			projectDirPath = "";
			projectRoot = "";
			targets = (
				B58D87AC29AE5BF9002A974D /* Friends2-Mauve */,
			);
		};
/* End PBXProject section */

/* Begin PBXResourcesBuildPhase section */
		B58D87AB29AE5BF9002A974D /* Resources */ = {
			isa = PBXResourcesBuildPhase;
			buildActionMask = 2147483647;
			files = (
				B58D87BD29AE5BFB002A974D /* LaunchScreen.storyboard in Resources */,
				B58D87BA29AE5BFB002A974D /* Assets.xcassets in Resources */,
				B58D87B829AE5BF9002A974D /* Main.storyboard in Resources */,
			);
			runOnlyForDeploymentPostprocessing = 0;
		};
/* End PBXResourcesBuildPhase section */

/* Begin PBXSourcesBuildPhase section */
		B58D87A929AE5BF9002A974D /* Sources */ = {
			isa = PBXSourcesBuildPhase;
			buildActionMask = 2147483647;
			files = (
				B58D87B129AE5BF9002A974D /* AppDelegate.swift in Sources */,
				B5CD8EEA29AE5D7300CC6D0B /* FriendsTableViewController.swift in Sources */,
				B5CD8EEB29AE5D7300CC6D0B /* NewFriendViewController.swift in Sources */,
				B5D5B7A029AEB070005BFD4C /* FriendsTableViewCell.swift in Sources */,
				B5B2835D29AEAE5B00D5E803 /* FriendsModel.swift in Sources */,
				B58D87B329AE5BF9002A974D /* SceneDelegate.swift in Sources */,
			);
			runOnlyForDeploymentPostprocessing = 0;
		};
/* End PBXSourcesBuildPhase section */

/* Begin PBXVariantGroup section */
		B58D87B629AE5BF9002A974D /* Main.storyboard */ = {
			isa = PBXVariantGroup;
			children = (
				B58D87B729AE5BF9002A974D /* Base */,
			);
			name = Main.storyboard;
			sourceTree = "<group>";
		};
		B58D87BB29AE5BFB002A974D /* LaunchScreen.storyboard */ = {
			isa = PBXVariantGroup;
			children = (
				B58D87BC29AE5BFB002A974D /* Base */,
			);
			name = LaunchScreen.storyboard;
			sourceTree = "<group>";
		};
/* End PBXVariantGroup section */

/* Begin XCBuildConfiguration section */
		B58D87BF29AE5BFB002A974D /* Debug */ = {
			isa = XCBuildConfiguration;
			buildSettings = {
				ALWAYS_SEARCH_USER_PATHS = NO;
				CLANG_ANALYZER_NONNULL = YES;
				CLANG_ANALYZER_NUMBER_OBJECT_CONVERSION = YES_AGGRESSIVE;
				CLANG_CXX_LANGUAGE_STANDARD = "gnu++20";
				CLANG_ENABLE_MODULES = YES;
				CLANG_ENABLE_OBJC_ARC = YES;
				CLANG_ENABLE_OBJC_WEAK = YES;
				CLANG_WARN_BLOCK_CAPTURE_AUTORELEASING = YES;
				CLANG_WARN_BOOL_CONVERSION = YES;
				CLANG_WARN_COMMA = YES;
				CLANG_WARN_CONSTANT_CONVERSION = YES;
				CLANG_WARN_DEPRECATED_OBJC_IMPLEMENTATIONS = YES;
				CLANG_WARN_DIRECT_OBJC_ISA_USAGE = YES_ERROR;
				CLANG_WARN_DOCUMENTATION_COMMENTS = YES;
				CLANG_WARN_EMPTY_BODY = YES;
				CLANG_WARN_ENUM_CONVERSION = YES;
				CLANG_WARN_INFINITE_RECURSION = YES;
				CLANG_WARN_INT_CONVERSION = YES;
				CLANG_WARN_NON_LITERAL_NULL_CONVERSION = YES;
				CLANG_WARN_OBJC_IMPLICIT_RETAIN_SELF = YES;
				CLANG_WARN_OBJC_LITERAL_CONVERSION = YES;
				CLANG_WARN_OBJC_ROOT_CLASS = YES_ERROR;
				CLANG_WARN_QUOTED_INCLUDE_IN_FRAMEWORK_HEADER = YES;
				CLANG_WARN_RANGE_LOOP_ANALYSIS = YES;
				CLANG_WARN_STRICT_PROTOTYPES = YES;
				CLANG_WARN_SUSPICIOUS_MOVE = YES;
				CLANG_WARN_UNGUARDED_AVAILABILITY = YES_AGGRESSIVE;
				CLANG_WARN_UNREACHABLE_CODE = YES;
				CLANG_WARN__DUPLICATE_METHOD_MATCH = YES;
				COPY_PHASE_STRIP = NO;
				DEBUG_INFORMATION_FORMAT = dwarf;
				ENABLE_STRICT_OBJC_MSGSEND = YES;
				ENABLE_TESTABILITY = YES;
				GCC_C_LANGUAGE_STANDARD = gnu11;
				GCC_DYNAMIC_NO_PIC = NO;
				GCC_NO_COMMON_BLOCKS = YES;
				GCC_OPTIMIZATION_LEVEL = 0;
				GCC_PREPROCESSOR_DEFINITIONS = (
					"DEBUG=1",
					"$(inherited)",
				);
				GCC_WARN_64_TO_32_BIT_CONVERSION = YES;
				GCC_WARN_ABOUT_RETURN_TYPE = YES_ERROR;
				GCC_WARN_UNDECLARED_SELECTOR = YES;
				GCC_WARN_UNINITIALIZED_AUTOS = YES_AGGRESSIVE;
				GCC_WARN_UNUSED_FUNCTION = YES;
				GCC_WARN_UNUSED_VARIABLE = YES;
				IPHONEOS_DEPLOYMENT_TARGET = 16.2;
				MTL_ENABLE_DEBUG_INFO = INCLUDE_SOURCE;
				MTL_FAST_MATH = YES;
				ONLY_ACTIVE_ARCH = YES;
				SDKROOT = iphoneos;
				SWIFT_ACTIVE_COMPILATION_CONDITIONS = DEBUG;
				SWIFT_OPTIMIZATION_LEVEL = "-Onone";
			};
			name = Debug;
		};
		B58D87C029AE5BFB002A974D /* Release */ = {
			isa = XCBuildConfiguration;
			buildSettings = {
				ALWAYS_SEARCH_USER_PATHS = NO;
				CLANG_ANALYZER_NONNULL = YES;
				CLANG_ANALYZER_NUMBER_OBJECT_CONVERSION = YES_AGGRESSIVE;
				CLANG_CXX_LANGUAGE_STANDARD = "gnu++20";
				CLANG_ENABLE_MODULES = YES;
				CLANG_ENABLE_OBJC_ARC = YES;
				CLANG_ENABLE_OBJC_WEAK = YES;
				CLANG_WARN_BLOCK_CAPTURE_AUTORELEASING = YES;
				CLANG_WARN_BOOL_CONVERSION = YES;
				CLANG_WARN_COMMA = YES;
				CLANG_WARN_CONSTANT_CONVERSION = YES;
				CLANG_WARN_DEPRECATED_OBJC_IMPLEMENTATIONS = YES;
				CLANG_WARN_DIRECT_OBJC_ISA_USAGE = YES_ERROR;
				CLANG_WARN_DOCUMENTATION_COMMENTS = YES;
				CLANG_WARN_EMPTY_BODY = YES;
				CLANG_WARN_ENUM_CONVERSION = YES;
				CLANG_WARN_INFINITE_RECURSION = YES;
				CLANG_WARN_INT_CONVERSION = YES;
				CLANG_WARN_NON_LITERAL_NULL_CONVERSION = YES;
				CLANG_WARN_OBJC_IMPLICIT_RETAIN_SELF = YES;
				CLANG_WARN_OBJC_LITERAL_CONVERSION = YES;
				CLANG_WARN_OBJC_ROOT_CLASS = YES_ERROR;
				CLANG_WARN_QUOTED_INCLUDE_IN_FRAMEWORK_HEADER = YES;
				CLANG_WARN_RANGE_LOOP_ANALYSIS = YES;
				CLANG_WARN_STRICT_PROTOTYPES = YES;
				CLANG_WARN_SUSPICIOUS_MOVE = YES;
				CLANG_WARN_UNGUARDED_AVAILABILITY = YES_AGGRESSIVE;
				CLANG_WARN_UNREACHABLE_CODE = YES;
				CLANG_WARN__DUPLICATE_METHOD_MATCH = YES;
				COPY_PHASE_STRIP = NO;
				DEBUG_INFORMATION_FORMAT = "dwarf-with-dsym";
				ENABLE_NS_ASSERTIONS = NO;
				ENABLE_STRICT_OBJC_MSGSEND = YES;
				GCC_C_LANGUAGE_STANDARD = gnu11;
				GCC_NO_COMMON_BLOCKS = YES;
				GCC_WARN_64_TO_32_BIT_CONVERSION = YES;
				GCC_WARN_ABOUT_RETURN_TYPE = YES_ERROR;
				GCC_WARN_UNDECLARED_SELECTOR = YES;
				GCC_WARN_UNINITIALIZED_AUTOS = YES_AGGRESSIVE;
				GCC_WARN_UNUSED_FUNCTION = YES;
				GCC_WARN_UNUSED_VARIABLE = YES;
				IPHONEOS_DEPLOYMENT_TARGET = 16.2;
				MTL_ENABLE_DEBUG_INFO = NO;
				MTL_FAST_MATH = YES;
				SDKROOT = iphoneos;
				SWIFT_COMPILATION_MODE = wholemodule;
				SWIFT_OPTIMIZATION_LEVEL = "-O";
				VALIDATE_PRODUCT = YES;
			};
			name = Release;
		};
		B58D87C229AE5BFB002A974D /* Debug */ = {
			isa = XCBuildConfiguration;
			buildSettings = {
				ASSETCATALOG_COMPILER_APPICON_NAME = AppIcon;
				ASSETCATALOG_COMPILER_GLOBAL_ACCENT_COLOR_NAME = AccentColor;
				CODE_SIGN_STYLE = Automatic;
				CURRENT_PROJECT_VERSION = 1;
				GENERATE_INFOPLIST_FILE = YES;
				INFOPLIST_FILE = Friends2/Info.plist;
				INFOPLIST_KEY_UIApplicationSupportsIndirectInputEvents = YES;
				INFOPLIST_KEY_UILaunchStoryboardName = LaunchScreen;
				INFOPLIST_KEY_UIMainStoryboardFile = Main;
				INFOPLIST_KEY_UIRequiresFullScreen = YES;
				INFOPLIST_KEY_UISupportedInterfaceOrientations_iPad = "UIInterfaceOrientationPortrait UIInterfaceOrientationPortraitUpsideDown UIInterfaceOrientationLandscapeLeft UIInterfaceOrientationLandscapeRight";
				INFOPLIST_KEY_UISupportedInterfaceOrientations_iPhone = "UIInterfaceOrientationPortrait UIInterfaceOrientationLandscapeLeft UIInterfaceOrientationLandscapeRight";
				LD_RUNPATH_SEARCH_PATHS = (
					"$(inherited)",
					"@executable_path/Frameworks",
				);
				MARKETING_VERSION = 1.0;
				PRODUCT_BUNDLE_IDENTIFIER = "edu.indiana.cs.c323-mauve.Friends2";
				PRODUCT_NAME = "$(TARGET_NAME)";
				SWIFT_EMIT_LOC_STRINGS = YES;
				SWIFT_VERSION = 5.0;
				TARGETED_DEVICE_FAMILY = "1,2";
			};
			name = Debug;
		};
		B58D87C329AE5BFB002A974D /* Release */ = {
			isa = XCBuildConfiguration;
			buildSettings = {
				ASSETCATALOG_COMPILER_APPICON_NAME = AppIcon;
				ASSETCATALOG_COMPILER_GLOBAL_ACCENT_COLOR_NAME = AccentColor;
				CODE_SIGN_STYLE = Automatic;
				CURRENT_PROJECT_VERSION = 1;
				GENERATE_INFOPLIST_FILE = YES;
				INFOPLIST_FILE = Friends2/Info.plist;
				INFOPLIST_KEY_UIApplicationSupportsIndirectInputEvents = YES;
				INFOPLIST_KEY_UILaunchStoryboardName = LaunchScreen;
				INFOPLIST_KEY_UIMainStoryboardFile = Main;
				INFOPLIST_KEY_UIRequiresFullScreen = YES;
				INFOPLIST_KEY_UISupportedInterfaceOrientations_iPad = "UIInterfaceOrientationPortrait UIInterfaceOrientationPortraitUpsideDown UIInterfaceOrientationLandscapeLeft UIInterfaceOrientationLandscapeRight";
				INFOPLIST_KEY_UISupportedInterfaceOrientations_iPhone = "UIInterfaceOrientationPortrait UIInterfaceOrientationLandscapeLeft UIInterfaceOrientationLandscapeRight";
				LD_RUNPATH_SEARCH_PATHS = (
					"$(inherited)",
					"@executable_path/Frameworks",
				);
				MARKETING_VERSION = 1.0;
				PRODUCT_BUNDLE_IDENTIFIER = "edu.indiana.cs.c323-mauve.Friends2";
				PRODUCT_NAME = "$(TARGET_NAME)";
				SWIFT_EMIT_LOC_STRINGS = YES;
				SWIFT_VERSION = 5.0;
				TARGETED_DEVICE_FAMILY = "1,2";
			};
			name = Release;
		};
/* End XCBuildConfiguration section */

/* Begin XCConfigurationList section */
		B58D87A829AE5BF9002A974D /* Build configuration list for PBXProject "Friends2-Mauve" */ = {
			isa = XCConfigurationList;
			buildConfigurations = (
				B58D87BF29AE5BFB002A974D /* Debug */,
				B58D87C029AE5BFB002A974D /* Release */,
			);
			defaultConfigurationIsVisible = 0;
			defaultConfigurationName = Release;
		};
		B58D87C129AE5BFB002A974D /* Build configuration list for PBXNativeTarget "Friends2-Mauve" */ = {
			isa = XCConfigurationList;
			buildConfigurations = (
				B58D87C229AE5BFB002A974D /* Debug */,
				B58D87C329AE5BFB002A974D /* Release */,
			);
			defaultConfigurationIsVisible = 0;
			defaultConfigurationName = Release;
		};
/* End XCConfigurationList section */
	};
	rootObject = B58D87A529AE5BF9002A974D /* Project object */;
}
